
Microsoft Visual Studio Solution File, Format Version 12.00
# Visual Studio Version 16
VisualStudioVersion = 16.0.29509.3
MinimumVisualStudioVersion = 10.0.40219.1
Project("{FAE04EC0-301F-11D3-BF4B-00C04F79EFBC}") = "BoilerPlate.WebUI", "BoilerPlate.WebUI.csproj", "{38775CB3-0FBE-46B1-AD89-234B5F21BE54}"
EndProject
Project("{FAE04EC0-301F-11D3-BF4B-00C04F79EFBC}") = "BoilerPlate.Domain", "..\BoilerPlate.Domain\BoilerPlate.Domain.csproj", "{E0A2CB5E-82D4-4849-9D09-FF4713A19131}"
EndProject
Project("{FAE04EC0-301F-11D3-BF4B-00C04F79EFBC}") = "BoilerPlate.Application", "..\BoilerPlate.Application\BoilerPlate.Application.csproj", "{C2FDC01B-0B70-46AC-943D-FE3BDF390318}"
EndProject
Project("{FAE04EC0-301F-11D3-BF4B-00C04F79EFBC}") = "BoilerPlate.Infrastructure", "..\BoilerPlate.Infrastructure\BoilerPlate.Infrastructure.csproj", "{704F0C8C-4790-4BC2-AF55-0D9C75280F81}"
EndProject
Global
	GlobalSection(SolutionConfigurationPlatforms) = preSolution
		Debug|Any CPU = Debug|Any CPU
		Release|Any CPU = Release|Any CPU
	EndGlobalSection
	GlobalSection(ProjectConfigurationPlatforms) = postSolution
		{38775CB3-0FBE-46B1-AD89-234B5F21BE54}.Debug|Any CPU.ActiveCfg = Debug|Any CPU
		{38775CB3-0FBE-46B1-AD89-234B5F21BE54}.Debug|Any CPU.Build.0 = Debug|Any CPU
		{38775CB3-0FBE-46B1-AD89-234B5F21BE54}.Release|Any CPU.ActiveCfg = Release|Any CPU
		{38775CB3-0FBE-46B1-AD89-234B5F21BE54}.Release|Any CPU.Build.0 = Release|Any CPU
		{E0A2CB5E-82D4-4849-9D09-FF4713A19131}.Debug|Any CPU.ActiveCfg = Debug|Any CPU
		{E0A2CB5E-82D4-4849-9D09-FF4713A19131}.Debug|Any CPU.Build.0 = Debug|Any CPU
		{E0A2CB5E-82D4-4849-9D09-FF4713A19131}.Release|Any CPU.ActiveCfg = Release|Any CPU
		{E0A2CB5E-82D4-4849-9D09-FF4713A19131}.Release|Any CPU.Build.0 = Release|Any CPU
		{C2FDC01B-0B70-46AC-943D-FE3BDF390318}.Debug|Any CPU.ActiveCfg = Debug|Any CPU
		{C2FDC01B-0B70-46AC-943D-FE3BDF390318}.Debug|Any CPU.Build.0 = Debug|Any CPU
		{C2FDC01B-0B70-46AC-943D-FE3BDF390318}.Release|Any CPU.ActiveCfg = Release|Any CPU
		{C2FDC01B-0B70-46AC-943D-FE3BDF390318}.Release|Any CPU.Build.0 = Release|Any CPU
		{704F0C8C-4790-4BC2-AF55-0D9C75280F81}.Debug|Any CPU.ActiveCfg = Debug|Any CPU
		{704F0C8C-4790-4BC2-AF55-0D9C75280F81}.Debug|Any CPU.Build.0 = Debug|Any CPU
		{704F0C8C-4790-4BC2-AF55-0D9C75280F81}.Release|Any CPU.ActiveCfg = Release|Any CPU
		{704F0C8C-4790-4BC2-AF55-0D9C75280F81}.Release|Any CPU.Build.0 = Release|Any CPU
	EndGlobalSection
	GlobalSection(SolutionProperties) = preSolution
		HideSolutionNode = FALSE
	EndGlobalSection
	GlobalSection(ExtensibilityGlobals) = postSolution
		SolutionGuid = {93C4FDBB-5106-4303-9619-DFAF3BCC67AF}
	EndGlobalSection
EndGlobal
